PODS:
  - Flutter (1.0.0)
  - flutter_genius_scan (0.0.1):
    - Flutter
  - open_filex (0.0.2):
    - Flutter
  - path_provider_foundation (0.0.1):
    - Flutter
    - FlutterMacOS

DEPENDENCIES:
  - Flutter (from `Flutter`)
  - flutter_genius_scan (from `.symlinks/plugins/flutter_genius_scan/ios`)
  - open_filex (from `.symlinks/plugins/open_filex/ios`)
  - path_provider_foundation (from `.symlinks/plugins/path_provider_foundation/darwin`)

EXTERNAL SOURCES:
  Flutter:
    :path: Flutter
  flutter_genius_scan:
    :path: ".symlinks/plugins/flutter_genius_scan/ios"
  open_filex:
    :path: ".symlinks/plugins/open_filex/ios"
  path_provider_foundation:
    :path: ".symlinks/plugins/path_provider_foundation/darwin"

SPEC CHECKSUMS:
  Flutter: e0871f40cf51350855a761d2e70bf5af5b9b5de7
  flutter_genius_scan: 6c2b2b2ebb78be512c20e90fb7c18e5aa3e02499
  open_filex: 432f3cd11432da3e39f47fcc0df2b1603854eff1
  path_provider_foundation: 080d55be775b7414fd5a5ef3ac137b97b097e564

PODFILE CHECKSUM: 3ce3a3b82c5cf6a622cb22850b0afa4ee279bea6

COCOAPODS: 1.16.2
