// !$*UTF8*$!
{
	archiveVersion = 1;
	classes = {
	};
	objectVersion = 55;
	objects = {

/* Begin PBXBuildFile section */
		01E25D56CD2C1338F0CC4C1F /* DocumentScanningView.swift in Sources */ = {isa = PBXBuildFile; fileRef = DC643C8DABF3A3535512FCA8 /* DocumentScanningView.swift */; };
		077619EFCCA6CB81C233DDCD /* DocumentScanningConfigurationViewModel.swift in Sources */ = {isa = PBXBuildFile; fileRef = 184255C73C44BA77E7B7822E /* DocumentScanningConfigurationViewModel.swift */; };
		0A6C17149369BDB603F34730 /* Images.xcassets in Resources */ = {isa = PBXBuildFile; fileRef = B3BF42E97960DC68CF95707C /* Images.xcassets */; };
		0B9CBB00DC9404778DD240E2 /* TuistAssets+GSSDKSimpleDemo.swift in Sources */ = {isa = PBXBuildFile; fileRef = 870CE4724ECFA4F6A6F20E0F /* TuistAssets+GSSDKSimpleDemo.swift */; };
		0CBAF2DA059AFE32B0F62D03 /* CustomDocumentScanningView.swift in Sources */ = {isa = PBXBuildFile; fileRef = 6345984E9436898218ECCDA4 /* CustomDocumentScanningView.swift */; };
		0DC6E49F947F5411CB3B8BE8 /* image.jpg in Resources */ = {isa = PBXBuildFile; fileRef = 6BB2F9F74C7BF72AA8DB479D /* image.jpg */; };
		134D5FE28DA30523445C5D0C /* TuistStrings+GSSDKSimpleDemo.swift in Sources */ = {isa = PBXBuildFile; fileRef = FCCFF3DB59E733E7284379A4 /* TuistStrings+GSSDKSimpleDemo.swift */; };
		386A751C92D7002B39011B7A /* UIApplication+TopViewController.swift in Sources */ = {isa = PBXBuildFile; fileRef = A8F5530B2CEAB59F2B85CC74 /* UIApplication+TopViewController.swift */; };
		510D7171B193B7B6BC72D1E7 /* TuistBundle+GSSDKSimpleDemo.swift in Sources */ = {isa = PBXBuildFile; fileRef = 5FB28EC5B6B64022328511C8 /* TuistBundle+GSSDKSimpleDemo.swift */; };
		51E533825C95FF0AD1044E0B /* StructuredDataScanningView.swift in Sources */ = {isa = PBXBuildFile; fileRef = 79A9FC06A1EB4593A90E07BB /* StructuredDataScanningView.swift */; };
		5273282D4E1E64E040379343 /* bank-identity-document.jpg in Resources */ = {isa = PBXBuildFile; fileRef = 569C5E08719F2B0DDA7B3A48 /* bank-identity-document.jpg */; };
		53254D0AE0632DBB5DAF659B /* image-2.jpg in Resources */ = {isa = PBXBuildFile; fileRef = 8C973478885A44879F20E8A2 /* image-2.jpg */; };
		57C5DC280360BAB3D9290769 /* LaunchScreen.xib in Resources */ = {isa = PBXBuildFile; fileRef = 268CF675925FBC65F14D7341 /* LaunchScreen.xib */; };
		5DF026B3D191DEDD348DF992 /* DocumentScanningViewController.swift in Sources */ = {isa = PBXBuildFile; fileRef = A9B62238444DCC510A6AFED1 /* DocumentScanningViewController.swift */; };
		850761A76B6F363AB1A58AA2 /* Localizable.strings in Resources */ = {isa = PBXBuildFile; fileRef = DC97AD698336C7CEB29563E8 /* Localizable.strings */; };
		887A913B5767CE572C4A7230 /* GSSDK in Frameworks */ = {isa = PBXBuildFile; productRef = B525BC1A500E8B66A37DF425 /* GSSDK */; };
		9F690F5166A0626689867D02 /* MainView.swift in Sources */ = {isa = PBXBuildFile; fileRef = 63053890F5889186041B68A0 /* MainView.swift */; };
		CE4D3D98107A762391BC32F5 /* StructuredDataResultsView.swift in Sources */ = {isa = PBXBuildFile; fileRef = 695B2A0710043579CEE25045 /* StructuredDataResultsView.swift */; };
		E96867F8A4D2BD789606C10B /* App.swift in Sources */ = {isa = PBXBuildFile; fileRef = C133A7E624B6779BFB5DE516 /* App.swift */; };
		F0698068F5587C8ECE5B0E9B /* DocumentScanningConfigurationView.swift in Sources */ = {isa = PBXBuildFile; fileRef = 7406FC75659CD9AA46A22265 /* DocumentScanningConfigurationView.swift */; };
/* End PBXBuildFile section */

/* Begin PBXCopyFilesBuildPhase section */
		75F6DF5147D6B5FC895B1A47 /* Embed Frameworks */ = {
			isa = PBXCopyFilesBuildPhase;
			buildActionMask = 2147483647;
			dstPath = "";
			dstSubfolderSpec = 10;
			files = (
			);
			name = "Embed Frameworks";
			runOnlyForDeploymentPostprocessing = 0;
		};
/* End PBXCopyFilesBuildPhase section */

/* Begin PBXFileReference section */
		184255C73C44BA77E7B7822E /* DocumentScanningConfigurationViewModel.swift */ = {isa = PBXFileReference; lastKnownFileType = sourcecode.swift; path = DocumentScanningConfigurationViewModel.swift; sourceTree = "<group>"; };
		268CF675925FBC65F14D7341 /* LaunchScreen.xib */ = {isa = PBXFileReference; lastKnownFileType = file.xib; path = LaunchScreen.xib; sourceTree = "<group>"; };
		3457F076C2305900F7CFB57C /* GSSDKSimpleDemo-Info.plist */ = {isa = PBXFileReference; lastKnownFileType = text.plist; path = "GSSDKSimpleDemo-Info.plist"; sourceTree = "<group>"; };
		363602DFFCADF5F6ECE2A6FB /* de */ = {isa = PBXFileReference; lastKnownFileType = text.plist.strings; name = de; path = de.lproj/Localizable.strings; sourceTree = "<group>"; };
		3FA8DA3AD6F5C6BE870F64FA /* it */ = {isa = PBXFileReference; lastKnownFileType = text.plist.strings; name = it; path = it.lproj/Localizable.strings; sourceTree = "<group>"; };
		569C5E08719F2B0DDA7B3A48 /* bank-identity-document.jpg */ = {isa = PBXFileReference; lastKnownFileType = image.jpeg; path = "bank-identity-document.jpg"; sourceTree = "<group>"; };
		58CA63038A460FDD9F50ED73 /* en */ = {isa = PBXFileReference; lastKnownFileType = text.plist.strings; name = en; path = en.lproj/Localizable.strings; sourceTree = "<group>"; };
		5FB28EC5B6B64022328511C8 /* TuistBundle+GSSDKSimpleDemo.swift */ = {isa = PBXFileReference; lastKnownFileType = sourcecode.swift; path = "TuistBundle+GSSDKSimpleDemo.swift"; sourceTree = "<group>"; };
		63053890F5889186041B68A0 /* MainView.swift */ = {isa = PBXFileReference; lastKnownFileType = sourcecode.swift; path = MainView.swift; sourceTree = "<group>"; };
		6345984E9436898218ECCDA4 /* CustomDocumentScanningView.swift */ = {isa = PBXFileReference; lastKnownFileType = sourcecode.swift; path = CustomDocumentScanningView.swift; sourceTree = "<group>"; };
		65FEAE748794BB2A5899BE70 /* hu */ = {isa = PBXFileReference; lastKnownFileType = text.plist.strings; name = hu; path = hu.lproj/Localizable.strings; sourceTree = "<group>"; };
		69052FA5E4F67D335F446A3B /* ru */ = {isa = PBXFileReference; lastKnownFileType = text.plist.strings; name = ru; path = ru.lproj/Localizable.strings; sourceTree = "<group>"; };
		695B2A0710043579CEE25045 /* StructuredDataResultsView.swift */ = {isa = PBXFileReference; lastKnownFileType = sourcecode.swift; path = StructuredDataResultsView.swift; sourceTree = "<group>"; };
		6BB2F9F74C7BF72AA8DB479D /* image.jpg */ = {isa = PBXFileReference; lastKnownFileType = image.jpeg; path = image.jpg; sourceTree = "<group>"; };
		7406FC75659CD9AA46A22265 /* DocumentScanningConfigurationView.swift */ = {isa = PBXFileReference; lastKnownFileType = sourcecode.swift; path = DocumentScanningConfigurationView.swift; sourceTree = "<group>"; };
		79A9FC06A1EB4593A90E07BB /* StructuredDataScanningView.swift */ = {isa = PBXFileReference; lastKnownFileType = sourcecode.swift; path = StructuredDataScanningView.swift; sourceTree = "<group>"; };
		81235439599CB95FEEF1BB0D /* GSSDKSimpleDemo.app */ = {isa = PBXFileReference; explicitFileType = wrapper.application; includeInIndex = 0; path = GSSDKSimpleDemo.app; sourceTree = BUILT_PRODUCTS_DIR; };
		870CE4724ECFA4F6A6F20E0F /* TuistAssets+GSSDKSimpleDemo.swift */ = {isa = PBXFileReference; lastKnownFileType = sourcecode.swift; path = "TuistAssets+GSSDKSimpleDemo.swift"; sourceTree = "<group>"; };
		8C973478885A44879F20E8A2 /* image-2.jpg */ = {isa = PBXFileReference; lastKnownFileType = image.jpeg; path = "image-2.jpg"; sourceTree = "<group>"; };
		995119CB28285242FE55E523 /* sv */ = {isa = PBXFileReference; lastKnownFileType = text.plist.strings; name = sv; path = sv.lproj/Localizable.strings; sourceTree = "<group>"; };
		99683A20ADC97017330520C1 /* ja */ = {isa = PBXFileReference; lastKnownFileType = text.plist.strings; name = ja; path = ja.lproj/Localizable.strings; sourceTree = "<group>"; };
		9E1676537CAAB50A9795B624 /* vi */ = {isa = PBXFileReference; lastKnownFileType = text.plist.strings; name = vi; path = vi.lproj/Localizable.strings; sourceTree = "<group>"; };
		A565096D961D41F7A285F5E1 /* zh-Hant */ = {isa = PBXFileReference; lastKnownFileType = text.plist.strings; name = "zh-Hant"; path = "zh-Hant.lproj/Localizable.strings"; sourceTree = "<group>"; };
		A8F5530B2CEAB59F2B85CC74 /* UIApplication+TopViewController.swift */ = {isa = PBXFileReference; lastKnownFileType = sourcecode.swift; path = "UIApplication+TopViewController.swift"; sourceTree = "<group>"; };
		A9B62238444DCC510A6AFED1 /* DocumentScanningViewController.swift */ = {isa = PBXFileReference; lastKnownFileType = sourcecode.swift; path = DocumentScanningViewController.swift; sourceTree = "<group>"; };
		ABCCF0E80167BF5D141D6345 /* pl */ = {isa = PBXFileReference; lastKnownFileType = text.plist.strings; name = pl; path = pl.lproj/Localizable.strings; sourceTree = "<group>"; };
		B244AC51FE47CF9C0919307E /* pt-PT */ = {isa = PBXFileReference; lastKnownFileType = text.plist.strings; name = "pt-PT"; path = "pt-PT.lproj/Localizable.strings"; sourceTree = "<group>"; };
		B3BF42E97960DC68CF95707C /* Images.xcassets */ = {isa = PBXFileReference; lastKnownFileType = folder.assetcatalog; path = Images.xcassets; sourceTree = "<group>"; };
		B811891A290F878EE9756EF8 /* fr */ = {isa = PBXFileReference; lastKnownFileType = text.plist.strings; name = fr; path = fr.lproj/Localizable.strings; sourceTree = "<group>"; };
		B8AF5095AFE5E473A6F594FC /* tr */ = {isa = PBXFileReference; lastKnownFileType = text.plist.strings; name = tr; path = tr.lproj/Localizable.strings; sourceTree = "<group>"; };
		BE22CBC77A42DC4D358F7892 /* zh-Hans */ = {isa = PBXFileReference; lastKnownFileType = text.plist.strings; name = "zh-Hans"; path = "zh-Hans.lproj/Localizable.strings"; sourceTree = "<group>"; };
		C133A7E624B6779BFB5DE516 /* App.swift */ = {isa = PBXFileReference; lastKnownFileType = sourcecode.swift; path = App.swift; sourceTree = "<group>"; };
		C7DE7A97144495067A582965 /* id */ = {isa = PBXFileReference; lastKnownFileType = text.plist.strings; name = id; path = id.lproj/Localizable.strings; sourceTree = "<group>"; };
		CA944F538970CB7915E8E651 /* pt-BR */ = {isa = PBXFileReference; lastKnownFileType = text.plist.strings; name = "pt-BR"; path = "pt-BR.lproj/Localizable.strings"; sourceTree = "<group>"; };
		D547086910C4CFB6F7095332 /* ar */ = {isa = PBXFileReference; lastKnownFileType = text.plist.strings; name = ar; path = ar.lproj/Localizable.strings; sourceTree = "<group>"; };
		DC643C8DABF3A3535512FCA8 /* DocumentScanningView.swift */ = {isa = PBXFileReference; lastKnownFileType = sourcecode.swift; path = DocumentScanningView.swift; sourceTree = "<group>"; };
		DCD108A5770F912CDB2C64D0 /* da */ = {isa = PBXFileReference; lastKnownFileType = text.plist.strings; name = da; path = da.lproj/Localizable.strings; sourceTree = "<group>"; };
		DEE5799B361ABFF962654E4C /* he */ = {isa = PBXFileReference; lastKnownFileType = text.plist.strings; name = he; path = he.lproj/Localizable.strings; sourceTree = "<group>"; };
		DFCA08EDBAF6D8C6FC3595B0 /* nl */ = {isa = PBXFileReference; lastKnownFileType = text.plist.strings; name = nl; path = nl.lproj/Localizable.strings; sourceTree = "<group>"; };
		EB2BBF3B28A1058844D1896F /* es */ = {isa = PBXFileReference; lastKnownFileType = text.plist.strings; name = es; path = es.lproj/Localizable.strings; sourceTree = "<group>"; };
		FC05734ABD91DC108F47138A /* ko */ = {isa = PBXFileReference; lastKnownFileType = text.plist.strings; name = ko; path = ko.lproj/Localizable.strings; sourceTree = "<group>"; };
		FCCFF3DB59E733E7284379A4 /* TuistStrings+GSSDKSimpleDemo.swift */ = {isa = PBXFileReference; lastKnownFileType = sourcecode.swift; path = "TuistStrings+GSSDKSimpleDemo.swift"; sourceTree = "<group>"; };
/* End PBXFileReference section */

/* Begin PBXFrameworksBuildPhase section */
		CDF7F75BA884265BB26D04A6 /* Frameworks */ = {
			isa = PBXFrameworksBuildPhase;
			buildActionMask = 2147483647;
			files = (
				887A913B5767CE572C4A7230 /* GSSDK in Frameworks */,
			);
			runOnlyForDeploymentPostprocessing = 0;
		};
/* End PBXFrameworksBuildPhase section */

/* Begin PBXGroup section */
		51A4AAB265659D17B0D1D349 /* Sources */ = {
			isa = PBXGroup;
			children = (
				C133A7E624B6779BFB5DE516 /* App.swift */,
				6345984E9436898218ECCDA4 /* CustomDocumentScanningView.swift */,
				7406FC75659CD9AA46A22265 /* DocumentScanningConfigurationView.swift */,
				184255C73C44BA77E7B7822E /* DocumentScanningConfigurationViewModel.swift */,
				DC643C8DABF3A3535512FCA8 /* DocumentScanningView.swift */,
				A9B62238444DCC510A6AFED1 /* DocumentScanningViewController.swift */,
				63053890F5889186041B68A0 /* MainView.swift */,
				695B2A0710043579CEE25045 /* StructuredDataResultsView.swift */,
				79A9FC06A1EB4593A90E07BB /* StructuredDataScanningView.swift */,
				A8F5530B2CEAB59F2B85CC74 /* UIApplication+TopViewController.swift */,
			);
			path = Sources;
			sourceTree = "<group>";
		};
		86990752452927AB74BBF23A /* GSSDKSimpleDemo */ = {
			isa = PBXGroup;
			children = (
				E82A30F9FB7410B604DF38E0 /* Resources */,
				51A4AAB265659D17B0D1D349 /* Sources */,
			);
			path = GSSDKSimpleDemo;
			sourceTree = "<group>";
		};
		AEFA0EEB94E4B4A7A2504575 = {
			isa = PBXGroup;
			children = (
				E9E45D866F5851F89F911B26 /* Project */,
				D34D1866954E4B5E6ECE14D9 /* Products */,
			);
			sourceTree = "<group>";
		};
		B89EABB226C74A988F257158 /* InfoPlists */ = {
			isa = PBXGroup;
			children = (
				3457F076C2305900F7CFB57C /* GSSDKSimpleDemo-Info.plist */,
			);
			path = InfoPlists;
			sourceTree = "<group>";
		};
		D34D1866954E4B5E6ECE14D9 /* Products */ = {
			isa = PBXGroup;
			children = (
				81235439599CB95FEEF1BB0D /* GSSDKSimpleDemo.app */,
			);
			name = Products;
			sourceTree = "<group>";
		};
		E82A30F9FB7410B604DF38E0 /* Resources */ = {
			isa = PBXGroup;
			children = (
				DC97AD698336C7CEB29563E8 /* Localizable.strings */,
				569C5E08719F2B0DDA7B3A48 /* bank-identity-document.jpg */,
				8C973478885A44879F20E8A2 /* image-2.jpg */,
				6BB2F9F74C7BF72AA8DB479D /* image.jpg */,
				B3BF42E97960DC68CF95707C /* Images.xcassets */,
				268CF675925FBC65F14D7341 /* LaunchScreen.xib */,
			);
			path = Resources;
			sourceTree = "<group>";
		};
		E9E45D866F5851F89F911B26 /* Project */ = {
			isa = PBXGroup;
			children = (
				F67CDEAE4A3C69B9AA5DF2F6 /* Derived */,
				86990752452927AB74BBF23A /* GSSDKSimpleDemo */,
			);
			name = Project;
			sourceTree = "<group>";
		};
		F67CDEAE4A3C69B9AA5DF2F6 /* Derived */ = {
			isa = PBXGroup;
			children = (
				B89EABB226C74A988F257158 /* InfoPlists */,
				FBC1DA65D32E4C789D71622B /* Sources */,
			);
			path = Derived;
			sourceTree = "<group>";
		};
		FBC1DA65D32E4C789D71622B /* Sources */ = {
			isa = PBXGroup;
			children = (
				870CE4724ECFA4F6A6F20E0F /* TuistAssets+GSSDKSimpleDemo.swift */,
				5FB28EC5B6B64022328511C8 /* TuistBundle+GSSDKSimpleDemo.swift */,
				FCCFF3DB59E733E7284379A4 /* TuistStrings+GSSDKSimpleDemo.swift */,
			);
			path = Sources;
			sourceTree = "<group>";
		};
/* End PBXGroup section */

/* Begin PBXNativeTarget section */
		3DC6D23EDA6739B979B38C3D /* GSSDKSimpleDemo */ = {
			isa = PBXNativeTarget;
			buildConfigurationList = 68B7D4A24B06A7FD38821FCB /* Build configuration list for PBXNativeTarget "GSSDKSimpleDemo" */;
			buildPhases = (
				801438C907E2449675A782B6 /* Sources */,
				8F3E23602CD8591F5DFE6E59 /* Resources */,
				CDF7F75BA884265BB26D04A6 /* Frameworks */,
				75F6DF5147D6B5FC895B1A47 /* Embed Frameworks */,
			);
			buildRules = (
			);
			dependencies = (
			);
			name = GSSDKSimpleDemo;
			packageProductDependencies = (
				B525BC1A500E8B66A37DF425 /* GSSDK */,
			);
			productName = GSSDKSimpleDemo;
			productReference = 81235439599CB95FEEF1BB0D /* GSSDKSimpleDemo.app */;
			productType = "com.apple.product-type.application";
		};
/* End PBXNativeTarget section */

/* Begin PBXProject section */
		AF930071A425450AEC267751 /* Project object */ = {
			isa = PBXProject;
			attributes = {
				BuildIndependentTargetsInParallel = YES;
				ORGANIZATIONNAME = "The Grizzly Labs";
			};
			buildConfigurationList = 307C6FF4127746B8DA964843 /* Build configuration list for PBXProject "GSSDKSimpleDemo" */;
			compatibilityVersion = "Xcode 14.0";
			developmentRegion = en;
			hasScannedForEncodings = 0;
			knownRegions = (
				Base,
				ar,
				da,
				de,
				en,
				es,
				fr,
				he,
				hu,
				id,
				it,
				ja,
				ko,
				nl,
				pl,
				"pt-BR",
				"pt-PT",
				ru,
				sv,
				tr,
				vi,
				"zh-Hans",
				"zh-Hant",
			);
			mainGroup = AEFA0EEB94E4B4A7A2504575;
			packageReferences = (
				A3B41AE94C68FF7FE45D07F0 /* XCRemoteSwiftPackageReference "geniusscan-sdk-spm" */,
			);
			productRefGroup = D34D1866954E4B5E6ECE14D9 /* Products */;
			projectDirPath = "";
			projectRoot = "";
			targets = (
				3DC6D23EDA6739B979B38C3D /* GSSDKSimpleDemo */,
			);
		};
/* End PBXProject section */

/* Begin PBXResourcesBuildPhase section */
		8F3E23602CD8591F5DFE6E59 /* Resources */ = {
			isa = PBXResourcesBuildPhase;
			buildActionMask = 2147483647;
			files = (
				0A6C17149369BDB603F34730 /* Images.xcassets in Resources */,
				57C5DC280360BAB3D9290769 /* LaunchScreen.xib in Resources */,
				850761A76B6F363AB1A58AA2 /* Localizable.strings in Resources */,
				5273282D4E1E64E040379343 /* bank-identity-document.jpg in Resources */,
				53254D0AE0632DBB5DAF659B /* image-2.jpg in Resources */,
				0DC6E49F947F5411CB3B8BE8 /* image.jpg in Resources */,
			);
			runOnlyForDeploymentPostprocessing = 0;
		};
/* End PBXResourcesBuildPhase section */

/* Begin PBXSourcesBuildPhase section */
		801438C907E2449675A782B6 /* Sources */ = {
			isa = PBXSourcesBuildPhase;
			buildActionMask = 2147483647;
			files = (
				0B9CBB00DC9404778DD240E2 /* TuistAssets+GSSDKSimpleDemo.swift in Sources */,
				510D7171B193B7B6BC72D1E7 /* TuistBundle+GSSDKSimpleDemo.swift in Sources */,
				134D5FE28DA30523445C5D0C /* TuistStrings+GSSDKSimpleDemo.swift in Sources */,
				E96867F8A4D2BD789606C10B /* App.swift in Sources */,
				0CBAF2DA059AFE32B0F62D03 /* CustomDocumentScanningView.swift in Sources */,
				F0698068F5587C8ECE5B0E9B /* DocumentScanningConfigurationView.swift in Sources */,
				077619EFCCA6CB81C233DDCD /* DocumentScanningConfigurationViewModel.swift in Sources */,
				01E25D56CD2C1338F0CC4C1F /* DocumentScanningView.swift in Sources */,
				5DF026B3D191DEDD348DF992 /* DocumentScanningViewController.swift in Sources */,
				9F690F5166A0626689867D02 /* MainView.swift in Sources */,
				CE4D3D98107A762391BC32F5 /* StructuredDataResultsView.swift in Sources */,
				51E533825C95FF0AD1044E0B /* StructuredDataScanningView.swift in Sources */,
				386A751C92D7002B39011B7A /* UIApplication+TopViewController.swift in Sources */,
			);
			runOnlyForDeploymentPostprocessing = 0;
		};
/* End PBXSourcesBuildPhase section */

/* Begin PBXVariantGroup section */
		DC97AD698336C7CEB29563E8 /* Localizable.strings */ = {
			isa = PBXVariantGroup;
			children = (
				D547086910C4CFB6F7095332 /* ar */,
				DCD108A5770F912CDB2C64D0 /* da */,
				363602DFFCADF5F6ECE2A6FB /* de */,
				58CA63038A460FDD9F50ED73 /* en */,
				EB2BBF3B28A1058844D1896F /* es */,
				B811891A290F878EE9756EF8 /* fr */,
				DEE5799B361ABFF962654E4C /* he */,
				65FEAE748794BB2A5899BE70 /* hu */,
				C7DE7A97144495067A582965 /* id */,
				3FA8DA3AD6F5C6BE870F64FA /* it */,
				99683A20ADC97017330520C1 /* ja */,
				FC05734ABD91DC108F47138A /* ko */,
				DFCA08EDBAF6D8C6FC3595B0 /* nl */,
				ABCCF0E80167BF5D141D6345 /* pl */,
				CA944F538970CB7915E8E651 /* pt-BR */,
				B244AC51FE47CF9C0919307E /* pt-PT */,
				69052FA5E4F67D335F446A3B /* ru */,
				995119CB28285242FE55E523 /* sv */,
				B8AF5095AFE5E473A6F594FC /* tr */,
				9E1676537CAAB50A9795B624 /* vi */,
				BE22CBC77A42DC4D358F7892 /* zh-Hans */,
				A565096D961D41F7A285F5E1 /* zh-Hant */,
			);
			name = Localizable.strings;
			sourceTree = "<group>";
		};
/* End PBXVariantGroup section */

/* Begin XCBuildConfiguration section */
		260EFA1DEDCFA19E448C3460 /* Release */ = {
			isa = XCBuildConfiguration;
			buildSettings = {
				ALWAYS_SEARCH_USER_PATHS = NO;
				CLANG_ANALYZER_LOCALIZABILITY_NONLOCALIZED = YES;
				CLANG_ANALYZER_NONNULL = YES;
				CLANG_ANALYZER_NUMBER_OBJECT_CONVERSION = YES_AGGRESSIVE;
				CLANG_CXX_LANGUAGE_STANDARD = "gnu++14";
				CLANG_CXX_LIBRARY = "libc++";
				CLANG_ENABLE_MODULES = YES;
				CLANG_ENABLE_OBJC_ARC = YES;
				CLANG_ENABLE_OBJC_WEAK = YES;
				CLANG_WARN_BLOCK_CAPTURE_AUTORELEASING = YES;
				CLANG_WARN_BOOL_CONVERSION = YES;
				CLANG_WARN_COMMA = YES;
				CLANG_WARN_CONSTANT_CONVERSION = YES;
				CLANG_WARN_DEPRECATED_OBJC_IMPLEMENTATIONS = YES;
				CLANG_WARN_DIRECT_OBJC_ISA_USAGE = YES_ERROR;
				CLANG_WARN_DOCUMENTATION_COMMENTS = YES;
				CLANG_WARN_EMPTY_BODY = YES;
				CLANG_WARN_ENUM_CONVERSION = YES;
				CLANG_WARN_INFINITE_RECURSION = YES;
				CLANG_WARN_INT_CONVERSION = YES;
				CLANG_WARN_NON_LITERAL_NULL_CONVERSION = YES;
				CLANG_WARN_OBJC_IMPLICIT_RETAIN_SELF = YES;
				CLANG_WARN_OBJC_LITERAL_CONVERSION = YES;
				CLANG_WARN_OBJC_ROOT_CLASS = YES_ERROR;
				CLANG_WARN_QUOTED_INCLUDE_IN_FRAMEWORK_HEADER = YES;
				CLANG_WARN_RANGE_LOOP_ANALYSIS = YES;
				CLANG_WARN_STRICT_PROTOTYPES = YES;
				CLANG_WARN_SUSPICIOUS_MOVE = YES;
				CLANG_WARN_UNGUARDED_AVAILABILITY = YES_AGGRESSIVE;
				CLANG_WARN_UNREACHABLE_CODE = YES;
				CLANG_WARN__DUPLICATE_METHOD_MATCH = YES;
				COPY_PHASE_STRIP = NO;
				DEAD_CODE_STRIPPING = YES;
				DEBUG_INFORMATION_FORMAT = "dwarf-with-dsym";
				ENABLE_NS_ASSERTIONS = NO;
				ENABLE_STRICT_OBJC_MSGSEND = YES;
				GCC_C_LANGUAGE_STANDARD = gnu11;
				GCC_NO_COMMON_BLOCKS = YES;
				GCC_WARN_64_TO_32_BIT_CONVERSION = YES;
				GCC_WARN_ABOUT_RETURN_TYPE = YES_ERROR;
				GCC_WARN_UNDECLARED_SELECTOR = YES;
				GCC_WARN_UNINITIALIZED_AUTOS = YES_AGGRESSIVE;
				GCC_WARN_UNUSED_FUNCTION = YES;
				GCC_WARN_UNUSED_VARIABLE = YES;
				MTL_ENABLE_DEBUG_INFO = NO;
				PRODUCT_NAME = "$(TARGET_NAME)";
				VALIDATE_PRODUCT = YES;
			};
			name = Release;
		};
		2F3F87C55E6CF3999F12B3D8 /* Debug */ = {
			isa = XCBuildConfiguration;
			buildSettings = {
				ASSETCATALOG_COMPILER_APPICON_NAME = AppIcon;
				CODE_SIGN_IDENTITY = "iPhone Developer";
				ENABLE_PREVIEWS = YES;
				INFOPLIST_FILE = "Derived/InfoPlists/GSSDKSimpleDemo-Info.plist";
				IPHONEOS_DEPLOYMENT_TARGET = 15.0;
				LD_RUNPATH_SEARCH_PATHS = (
					"$(inherited)",
					"@executable_path/Frameworks",
				);
				PRODUCT_BUNDLE_IDENTIFIER = "com.thegrizzlylabs.geniusscansdk.$(PRODUCT_NAME:rfc1034identifier)";
				PRODUCT_NAME = GSSDKSimpleDemo;
				SDKROOT = iphoneos;
				SUPPORTS_MACCATALYST = NO;
				SUPPORTS_MAC_DESIGNED_FOR_IPHONE_IPAD = NO;
				SUPPORTS_XR_DESIGNED_FOR_IPHONE_IPAD = NO;
				SWIFT_ACTIVE_COMPILATION_CONDITIONS = (
					"$(inherited)",
					DEBUG,
				);
				SWIFT_COMPILATION_MODE = singlefile;
				SWIFT_OPTIMIZATION_LEVEL = "-Onone";
				SWIFT_VERSION = 5.0;
				TARGETED_DEVICE_FAMILY = "1,2";
			};
			name = Debug;
		};
		C0CDA79569710B6FEBCFD90E /* Release */ = {
			isa = XCBuildConfiguration;
			buildSettings = {
				ASSETCATALOG_COMPILER_APPICON_NAME = AppIcon;
				CODE_SIGN_IDENTITY = "iPhone Developer";
				ENABLE_PREVIEWS = YES;
				INFOPLIST_FILE = "Derived/InfoPlists/GSSDKSimpleDemo-Info.plist";
				IPHONEOS_DEPLOYMENT_TARGET = 15.0;
				LD_RUNPATH_SEARCH_PATHS = (
					"$(inherited)",
					"@executable_path/Frameworks",
				);
				PRODUCT_BUNDLE_IDENTIFIER = "com.thegrizzlylabs.geniusscansdk.$(PRODUCT_NAME:rfc1034identifier)";
				PRODUCT_NAME = GSSDKSimpleDemo;
				SDKROOT = iphoneos;
				SUPPORTS_MACCATALYST = NO;
				SUPPORTS_MAC_DESIGNED_FOR_IPHONE_IPAD = NO;
				SUPPORTS_XR_DESIGNED_FOR_IPHONE_IPAD = NO;
				SWIFT_COMPILATION_MODE = wholemodule;
				SWIFT_OPTIMIZATION_LEVEL = "-Owholemodule";
				SWIFT_VERSION = 5.0;
				TARGETED_DEVICE_FAMILY = "1,2";
			};
			name = Release;
		};
		D8956F660857C6C8673BE9CD /* Debug */ = {
			isa = XCBuildConfiguration;
			buildSettings = {
				ALWAYS_SEARCH_USER_PATHS = NO;
				CLANG_ANALYZER_LOCALIZABILITY_NONLOCALIZED = YES;
				CLANG_ANALYZER_NONNULL = YES;
				CLANG_ANALYZER_NUMBER_OBJECT_CONVERSION = YES_AGGRESSIVE;
				CLANG_CXX_LANGUAGE_STANDARD = "gnu++14";
				CLANG_CXX_LIBRARY = "libc++";
				CLANG_ENABLE_MODULES = YES;
				CLANG_ENABLE_OBJC_ARC = YES;
				CLANG_ENABLE_OBJC_WEAK = YES;
				CLANG_WARN_BLOCK_CAPTURE_AUTORELEASING = YES;
				CLANG_WARN_BOOL_CONVERSION = YES;
				CLANG_WARN_COMMA = YES;
				CLANG_WARN_CONSTANT_CONVERSION = YES;
				CLANG_WARN_DEPRECATED_OBJC_IMPLEMENTATIONS = YES;
				CLANG_WARN_DIRECT_OBJC_ISA_USAGE = YES_ERROR;
				CLANG_WARN_DOCUMENTATION_COMMENTS = YES;
				CLANG_WARN_EMPTY_BODY = YES;
				CLANG_WARN_ENUM_CONVERSION = YES;
				CLANG_WARN_INFINITE_RECURSION = YES;
				CLANG_WARN_INT_CONVERSION = YES;
				CLANG_WARN_NON_LITERAL_NULL_CONVERSION = YES;
				CLANG_WARN_OBJC_IMPLICIT_RETAIN_SELF = YES;
				CLANG_WARN_OBJC_LITERAL_CONVERSION = YES;
				CLANG_WARN_OBJC_ROOT_CLASS = YES_ERROR;
				CLANG_WARN_QUOTED_INCLUDE_IN_FRAMEWORK_HEADER = YES;
				CLANG_WARN_RANGE_LOOP_ANALYSIS = YES;
				CLANG_WARN_STRICT_PROTOTYPES = YES;
				CLANG_WARN_SUSPICIOUS_MOVE = YES;
				CLANG_WARN_UNGUARDED_AVAILABILITY = YES_AGGRESSIVE;
				CLANG_WARN_UNREACHABLE_CODE = YES;
				CLANG_WARN__DUPLICATE_METHOD_MATCH = YES;
				COPY_PHASE_STRIP = NO;
				DEAD_CODE_STRIPPING = YES;
				DEBUG_INFORMATION_FORMAT = dwarf;
				ENABLE_STRICT_OBJC_MSGSEND = YES;
				ENABLE_TESTABILITY = YES;
				GCC_C_LANGUAGE_STANDARD = gnu11;
				GCC_DYNAMIC_NO_PIC = NO;
				GCC_NO_COMMON_BLOCKS = YES;
				GCC_OPTIMIZATION_LEVEL = 0;
				GCC_PREPROCESSOR_DEFINITIONS = (
					"DEBUG=1",
					"$(inherited)",
				);
				GCC_WARN_64_TO_32_BIT_CONVERSION = YES;
				GCC_WARN_ABOUT_RETURN_TYPE = YES_ERROR;
				GCC_WARN_UNDECLARED_SELECTOR = YES;
				GCC_WARN_UNINITIALIZED_AUTOS = YES_AGGRESSIVE;
				GCC_WARN_UNUSED_FUNCTION = YES;
				GCC_WARN_UNUSED_VARIABLE = YES;
				MTL_ENABLE_DEBUG_INFO = YES;
				ONLY_ACTIVE_ARCH = YES;
				PRODUCT_NAME = "$(TARGET_NAME)";
			};
			name = Debug;
		};
/* End XCBuildConfiguration section */

/* Begin XCConfigurationList section */
		307C6FF4127746B8DA964843 /* Build configuration list for PBXProject "GSSDKSimpleDemo" */ = {
			isa = XCConfigurationList;
			buildConfigurations = (
				D8956F660857C6C8673BE9CD /* Debug */,
				260EFA1DEDCFA19E448C3460 /* Release */,
			);
			defaultConfigurationIsVisible = 0;
			defaultConfigurationName = Release;
		};
		68B7D4A24B06A7FD38821FCB /* Build configuration list for PBXNativeTarget "GSSDKSimpleDemo" */ = {
			isa = XCConfigurationList;
			buildConfigurations = (
				2F3F87C55E6CF3999F12B3D8 /* Debug */,
				C0CDA79569710B6FEBCFD90E /* Release */,
			);
			defaultConfigurationIsVisible = 0;
			defaultConfigurationName = Release;
		};
/* End XCConfigurationList section */

/* Begin XCRemoteSwiftPackageReference section */
		A3B41AE94C68FF7FE45D07F0 /* XCRemoteSwiftPackageReference "geniusscan-sdk-spm" */ = {
			isa = XCRemoteSwiftPackageReference;
			repositoryURL = "https://github.com/thegrizzlylabs/geniusscan-sdk-spm";
			requirement = {
				kind = upToNextMajorVersion;
				minimumVersion = 5.8.0;
			};
		};
/* End XCRemoteSwiftPackageReference section */

/* Begin XCSwiftPackageProductDependency section */
		B525BC1A500E8B66A37DF425 /* GSSDK */ = {
			isa = XCSwiftPackageProductDependency;
			productName = GSSDK;
		};
/* End XCSwiftPackageProductDependency section */
	};
	rootObject = AF930071A425450AEC267751 /* Project object */;
}
