
Microsoft Visual Studio Solution File, Format Version 12.00
# Visual Studio Version 16
VisualStudioVersion = 16.0.808.2
MinimumVisualStudioVersion = 10.0.40219.1
Project("{FAE04EC0-301F-11D3-BF4B-00C04F79EFBC}") = "SimpleDemo.Forms", "SimpleDemo.Forms\SimpleDemo.Forms.csproj", "{26208678-EE18-4A15-BB95-5C1DC2BFBD77}"
EndProject
Project("{FAE04EC0-301F-11D3-BF4B-00C04F79EFBC}") = "SimpleDemo.Forms.Android", "SimpleDemo.Forms.Android\SimpleDemo.Forms.Android.csproj", "{740C9DD2-76D2-4BA9-9CD8-F7A68FC20CF7}"
EndProject
Project("{FAE04EC0-301F-11D3-BF4B-00C04F79EFBC}") = "SimpleDemo.Forms.iOS", "SimpleDemo.Forms.iOS\SimpleDemo.Forms.iOS.csproj", "{0426AEEA-F40F-4608-9EF4-E9FC8A34F999}"
EndProject
Global
	GlobalSection(SolutionConfigurationPlatforms) = preSolution
		Debug|Any CPU = Debug|Any CPU
		Release|Any CPU = Release|Any CPU
		Debug|iPhoneSimulator = Debug|iPhoneSimulator
		Release|iPhoneSimulator = Release|iPhoneSimulator
		Debug|iPhone = Debug|iPhone
		Release|iPhone = Release|iPhone
	EndGlobalSection
	GlobalSection(ProjectConfigurationPlatforms) = postSolution
		{26208678-EE18-4A15-BB95-5C1DC2BFBD77}.Debug|Any CPU.ActiveCfg = Debug|Any CPU
		{26208678-EE18-4A15-BB95-5C1DC2BFBD77}.Debug|Any CPU.Build.0 = Debug|Any CPU
		{26208678-EE18-4A15-BB95-5C1DC2BFBD77}.Release|Any CPU.ActiveCfg = Release|Any CPU
		{26208678-EE18-4A15-BB95-5C1DC2BFBD77}.Release|Any CPU.Build.0 = Release|Any CPU
		{26208678-EE18-4A15-BB95-5C1DC2BFBD77}.Debug|iPhoneSimulator.ActiveCfg = Debug|Any CPU
		{26208678-EE18-4A15-BB95-5C1DC2BFBD77}.Debug|iPhoneSimulator.Build.0 = Debug|Any CPU
		{26208678-EE18-4A15-BB95-5C1DC2BFBD77}.Release|iPhoneSimulator.ActiveCfg = Release|Any CPU
		{26208678-EE18-4A15-BB95-5C1DC2BFBD77}.Release|iPhoneSimulator.Build.0 = Release|Any CPU
		{26208678-EE18-4A15-BB95-5C1DC2BFBD77}.Debug|iPhone.ActiveCfg = Debug|Any CPU
		{26208678-EE18-4A15-BB95-5C1DC2BFBD77}.Debug|iPhone.Build.0 = Debug|Any CPU
		{26208678-EE18-4A15-BB95-5C1DC2BFBD77}.Release|iPhone.ActiveCfg = Release|Any CPU
		{26208678-EE18-4A15-BB95-5C1DC2BFBD77}.Release|iPhone.Build.0 = Release|Any CPU
		{740C9DD2-76D2-4BA9-9CD8-F7A68FC20CF7}.Debug|Any CPU.ActiveCfg = Debug|Any CPU
		{740C9DD2-76D2-4BA9-9CD8-F7A68FC20CF7}.Debug|Any CPU.Build.0 = Debug|Any CPU
		{740C9DD2-76D2-4BA9-9CD8-F7A68FC20CF7}.Release|Any CPU.ActiveCfg = Release|Any CPU
		{740C9DD2-76D2-4BA9-9CD8-F7A68FC20CF7}.Release|Any CPU.Build.0 = Release|Any CPU
		{740C9DD2-76D2-4BA9-9CD8-F7A68FC20CF7}.Debug|iPhoneSimulator.ActiveCfg = Debug|Any CPU
		{740C9DD2-76D2-4BA9-9CD8-F7A68FC20CF7}.Debug|iPhoneSimulator.Build.0 = Debug|Any CPU
		{740C9DD2-76D2-4BA9-9CD8-F7A68FC20CF7}.Release|iPhoneSimulator.ActiveCfg = Release|Any CPU
		{740C9DD2-76D2-4BA9-9CD8-F7A68FC20CF7}.Release|iPhoneSimulator.Build.0 = Release|Any CPU
		{740C9DD2-76D2-4BA9-9CD8-F7A68FC20CF7}.Debug|iPhone.ActiveCfg = Debug|Any CPU
		{740C9DD2-76D2-4BA9-9CD8-F7A68FC20CF7}.Debug|iPhone.Build.0 = Debug|Any CPU
		{740C9DD2-76D2-4BA9-9CD8-F7A68FC20CF7}.Release|iPhone.ActiveCfg = Release|Any CPU
		{740C9DD2-76D2-4BA9-9CD8-F7A68FC20CF7}.Release|iPhone.Build.0 = Release|Any CPU
		{0426AEEA-F40F-4608-9EF4-E9FC8A34F999}.Debug|Any CPU.ActiveCfg = Debug|iPhoneSimulator
		{0426AEEA-F40F-4608-9EF4-E9FC8A34F999}.Debug|Any CPU.Build.0 = Debug|iPhoneSimulator
		{0426AEEA-F40F-4608-9EF4-E9FC8A34F999}.Release|Any CPU.ActiveCfg = Release|iPhoneSimulator
		{0426AEEA-F40F-4608-9EF4-E9FC8A34F999}.Release|Any CPU.Build.0 = Release|iPhoneSimulator
		{0426AEEA-F40F-4608-9EF4-E9FC8A34F999}.Debug|iPhoneSimulator.ActiveCfg = Debug|iPhoneSimulator
		{0426AEEA-F40F-4608-9EF4-E9FC8A34F999}.Debug|iPhoneSimulator.Build.0 = Debug|iPhoneSimulator
		{0426AEEA-F40F-4608-9EF4-E9FC8A34F999}.Release|iPhoneSimulator.ActiveCfg = Release|iPhoneSimulator
		{0426AEEA-F40F-4608-9EF4-E9FC8A34F999}.Release|iPhoneSimulator.Build.0 = Release|iPhoneSimulator
		{0426AEEA-F40F-4608-9EF4-E9FC8A34F999}.Debug|iPhone.ActiveCfg = Debug|iPhone
		{0426AEEA-F40F-4608-9EF4-E9FC8A34F999}.Debug|iPhone.Build.0 = Debug|iPhone
		{0426AEEA-F40F-4608-9EF4-E9FC8A34F999}.Release|iPhone.ActiveCfg = Release|iPhone
		{0426AEEA-F40F-4608-9EF4-E9FC8A34F999}.Release|iPhone.Build.0 = Release|iPhone
	EndGlobalSection
	GlobalSection(SolutionProperties) = preSolution
		HideSolutionNode = FALSE
	EndGlobalSection
	GlobalSection(ExtensibilityGlobals) = postSolution
		SolutionGuid = {9B9B371F-77B8-4B5F-B197-7F61BD1176FE}
	EndGlobalSection
EndGlobal
